
Microsoft Visual Studio Solution File, Format Version 12.00
# Visual Studio 2012
Project("{FAE04EC0-301F-11D3-BF4B-00C04F79EFBC}") = "WebExample", "WebExample\WebExample.csproj", "{F5E4B826-5211-4A09-9C89-AB7A446FB070}"
EndProject
Project("{2150E333-8FDC-42A3-9474-1A3956D46DE8}") = "Solution Items", "Solution Items", "{FBF879D2-F04A-492E-B555-FF79760965CB}"
	ProjectSection(SolutionItems) = preProject
		GlobalAssemblyInfo.cs = GlobalAssemblyInfo.cs
	EndProjectSection
EndProject
Project("{2150E333-8FDC-42A3-9474-1A3956D46DE8}") = "Configuration", "Configuration", "{541F268A-8B2D-43BF-B769-0DFBFA8FAF33}"
EndProject
Project("{2150E333-8FDC-42A3-9474-1A3956D46DE8}") = "dev", "dev", "{F0BB39ED-613D-46EA-8806-F9601B135B7D}"
	ProjectSection(SolutionItems) = preProject
		Configuration\dev\WebExample\appSettings.config = Configuration\dev\WebExample\appSettings.config
		Configuration\dev\WebExample\connectionStrings.config = Configuration\dev\WebExample\connectionStrings.config
		Configuration\dev\WebExample\Web.config = Configuration\dev\WebExample\Web.config
		Configuration\dev\WebExample\Web.Debug.config = Configuration\dev\WebExample\Web.Debug.config
	EndProjectSection
EndProject
Project("{2150E333-8FDC-42A3-9474-1A3956D46DE8}") = "production", "production", "{1469A8DB-F149-4834-AD85-94C47F775345}"
	ProjectSection(SolutionItems) = preProject
		Configuration\production\WebExample\appSettings.config = Configuration\production\WebExample\appSettings.config
		Configuration\production\WebExample\connectionStrings.config = Configuration\production\WebExample\connectionStrings.config
		Configuration\production\WebExample\Web.config = Configuration\production\WebExample\Web.config
		Configuration\production\WebExample\Web.production.config = Configuration\production\WebExample\Web.production.config
	EndProjectSection
EndProject
Project("{2150E333-8FDC-42A3-9474-1A3956D46DE8}") = "WebExample", "WebExample", "{45CFDE39-47D0-455D-A5FA-BE60D4C1F9B2}"
EndProject
Global
	GlobalSection(SolutionConfigurationPlatforms) = preSolution
		Debug|Any CPU = Debug|Any CPU
		Release|Any CPU = Release|Any CPU
	EndGlobalSection
	GlobalSection(ProjectConfigurationPlatforms) = postSolution
		{F5E4B826-5211-4A09-9C89-AB7A446FB070}.Debug|Any CPU.ActiveCfg = Debug|Any CPU
		{F5E4B826-5211-4A09-9C89-AB7A446FB070}.Debug|Any CPU.Build.0 = Debug|Any CPU
		{F5E4B826-5211-4A09-9C89-AB7A446FB070}.Release|Any CPU.ActiveCfg = Release|Any CPU
		{F5E4B826-5211-4A09-9C89-AB7A446FB070}.Release|Any CPU.Build.0 = Release|Any CPU
	EndGlobalSection
	GlobalSection(SolutionProperties) = preSolution
		HideSolutionNode = FALSE
	EndGlobalSection
	GlobalSection(NestedProjects) = preSolution
		{45CFDE39-47D0-455D-A5FA-BE60D4C1F9B2} = {541F268A-8B2D-43BF-B769-0DFBFA8FAF33}
		{F0BB39ED-613D-46EA-8806-F9601B135B7D} = {45CFDE39-47D0-455D-A5FA-BE60D4C1F9B2}
		{1469A8DB-F149-4834-AD85-94C47F775345} = {45CFDE39-47D0-455D-A5FA-BE60D4C1F9B2}
	EndGlobalSection
EndGlobal
