
Microsoft Visual Studio Solution File, Format Version 12.00
# Visual Studio 2012
Project("{FAE04EC0-301F-11D3-BF4B-00C04F79EFBC}") = "AutomateIt.Example.Web", "AutomateIt.Example.Web\AutomateIt.Example.Web.csproj", "{15C5C879-81BC-43D3-ABFD-B86D5B15BAD9}"
EndProject
Project("{FAE04EC0-301F-11D3-BF4B-00C04F79EFBC}") = "AutomateIt.Example.Web.Tests", "AutomateIt.Example.Web.Tests\AutomateIt.Example.Web.Tests.csproj", "{50EC447D-11F6-43DB-A393-2134FA8F751C}"
EndProject
Global
	GlobalSection(SolutionConfigurationPlatforms) = preSolution
		Debug|Any CPU = Debug|Any CPU
		Release|Any CPU = Release|Any CPU
	EndGlobalSection
	GlobalSection(ProjectConfigurationPlatforms) = postSolution
		{15C5C879-81BC-43D3-ABFD-B86D5B15BAD9}.Debug|Any CPU.ActiveCfg = Debug|Any CPU
		{15C5C879-81BC-43D3-ABFD-B86D5B15BAD9}.Debug|Any CPU.Build.0 = Debug|Any CPU
		{15C5C879-81BC-43D3-ABFD-B86D5B15BAD9}.Release|Any CPU.ActiveCfg = Release|Any CPU
		{15C5C879-81BC-43D3-ABFD-B86D5B15BAD9}.Release|Any CPU.Build.0 = Release|Any CPU
		{50EC447D-11F6-43DB-A393-2134FA8F751C}.Debug|Any CPU.ActiveCfg = Debug|Any CPU
		{50EC447D-11F6-43DB-A393-2134FA8F751C}.Debug|Any CPU.Build.0 = Debug|Any CPU
		{50EC447D-11F6-43DB-A393-2134FA8F751C}.Release|Any CPU.ActiveCfg = Release|Any CPU
		{50EC447D-11F6-43DB-A393-2134FA8F751C}.Release|Any CPU.Build.0 = Release|Any CPU
	EndGlobalSection
	GlobalSection(SolutionProperties) = preSolution
		HideSolutionNode = FALSE
	EndGlobalSection
EndGlobal
